
Microsoft Visual Studio Solution File, Format Version 12.00
# Visual Studio Version 17
VisualStudioVersion = 17.9.34622.214
MinimumVisualStudioVersion = 10.0.40219.1
Project("{FAE04EC0-301F-11D3-BF4B-00C04F79EFBC}") = "WebAPI", "Resume\WebAPI.csproj", "{12B2AE1C-A20A-43A8-B53D-D2B5E28704E9}"
EndProject
Project("{FAE04EC0-301F-11D3-BF4B-00C04F79EFBC}") = "WebApplication", "WebApplication\WebApplication.csproj", "{381C491B-C52D-4501-956E-C656627951DD}"
EndProject
Global
	GlobalSection(SolutionConfigurationPlatforms) = preSolution
		Debug|Any CPU = Debug|Any CPU
		Release|Any CPU = Release|Any CPU
	EndGlobalSection
	GlobalSection(ProjectConfigurationPlatforms) = postSolution
		{12B2AE1C-A20A-43A8-B53D-D2B5E28704E9}.Debug|Any CPU.ActiveCfg = Debug|Any CPU
		{12B2AE1C-A20A-43A8-B53D-D2B5E28704E9}.Debug|Any CPU.Build.0 = Debug|Any CPU
		{12B2AE1C-A20A-43A8-B53D-D2B5E28704E9}.Release|Any CPU.ActiveCfg = Release|Any CPU
		{12B2AE1C-A20A-43A8-B53D-D2B5E28704E9}.Release|Any CPU.Build.0 = Release|Any CPU
		{381C491B-C52D-4501-956E-C656627951DD}.Debug|Any CPU.ActiveCfg = Debug|Any CPU
		{381C491B-C52D-4501-956E-C656627951DD}.Debug|Any CPU.Build.0 = Debug|Any CPU
		{381C491B-C52D-4501-956E-C656627951DD}.Release|Any CPU.ActiveCfg = Release|Any CPU
		{381C491B-C52D-4501-956E-C656627951DD}.Release|Any CPU.Build.0 = Release|Any CPU
	EndGlobalSection
	GlobalSection(SolutionProperties) = preSolution
		HideSolutionNode = FALSE
	EndGlobalSection
	GlobalSection(ExtensibilityGlobals) = postSolution
		SolutionGuid = {481C0F43-D8F0-4E7D-BD79-CBC0725BCCEB}
	EndGlobalSection
EndGlobal
